{
    "_meta": {
        "hash": {
            "sha256": "fc6511283aa91b0a67876a84c6d7a77198d9f19fd3426bdc40200c94d9d77b49"
        },
        "pipfile-spec": 6,
        "requires": {
            "python_version": "3.7"
        },
        "sources": [
            {
                "name": "pypi",
                "url": "https://pypi.org/simple",
                "verify_ssl": true
            }
        ]
    },
    "default": {},
    "develop": {
        "guppy3": {
            "hashes": [
                "sha256:04507ad33d29a29d3cb61cdc1cc7f2949a08bbe854b6219092d499ae58cb52c8",
                "sha256:08dcd39b03bcfd421d4b47a7c990a05d4c74b295b1913dbb9fd372b5413b5f54",
                "sha256:11331da76eb6ee09f1d3da3b67301450df9992593d41ac9cec9bb6e35c716be0",
                "sha256:1670fcd91e61969cb9190014f557f13e051cc73a53f89fa4403a238bd2f1955a",
                "sha256:1a1f98f9158082c5a3277661b56c7efd8b4634625f864477bb010382cebde83a",
                "sha256:209f0fb5cbdb48466efb6d359bbee1217c6975850e87c397156f0f699afee96b",
                "sha256:35b65c8b3f05e3385039fc38a93cd4d77e182791ed765716d7f3a05654cb7c04",
                "sha256:3d9ba91a116f307f99017a3f6d0296ec9faa14cf7de1dda0251a65046addba83",
                "sha256:413b40ba376a4053556f789d87cc7d27e09386b8036e8457fe43a5a12d9a5d1f",
                "sha256:521b0eb27f6875f4237000c92c75f8e631f9c950247692e5b983c72ec0314119",
                "sha256:53b8f89bbaf861c0eb3ebc87139903f863e9c4c1b3094df8b22e9e80d959bfff",
                "sha256:69ad8645f1bd5a7c038b4e0b0c0f8c55f9abaf48fddd7e8c548e7966f195ead7",
                "sha256:6f4f30fb4e751ccaa3313597970eb72b555e8b184d9f748379d2bbdb899ac318",
                "sha256:761b8e9f66399a597196399481f37ef2ddde3ef701b92ab3121f6b24f522c709",
                "sha256:7aa6b3ebb04fe316b6b862520a50e211295981d36245134d5ea72a1f9b045838",
                "sha256:89b2056397a4f86fd96b7585d7ea3586001079423fd70c880bd8d475c30d0fe7",
                "sha256:9036605f12e7a276f37b25b007ec1be2a55dd617e1955890adf2426027f0de77",
                "sha256:92ca5166db307b72ae392bdf464709c2fb074a69cdcf5b14258ad17b14b11117",
                "sha256:9ee1c64406bc0a0f062f8ea4816f92475f52ad72158d896cd99195a4d340b662",
                "sha256:af580bec5269b1621f45bd589d76aa1a7c1986742a84ab016f0a0de9ff06086d",
                "sha256:b13810c923b0af1669355effa23eb46d99279ca53d8c41e5703523b0de01b144",
                "sha256:b6f3bd78b41736b02cf7b1999d55bb7cdb56188834499235ee3e090287dc9154",
                "sha256:b95152c530e95de656d04f39da28cae54feb22a347431a81f61cdaa48f4089fa",
                "sha256:c960e2426682d37f6023970e53a96074eddd785fd2284d084c87d3812dec2e56",
                "sha256:cb116d1b7e0f951cc29fb7d69d769835bdb9604d17ee4f2ee328d342ade8e5ef",
                "sha256:cb40137aba3f50662584fafe74cfd3fb4204e48394c9dfb23d280977304ed460",
                "sha256:d9bc94a74fe923d22a1bf11746ef5fd3576e26219411dccba0a26056d37dfd44",
                "sha256:dfe0ae2b2175f76eb5cd58568173e10c52501abdd59f269fbc3859f7176003fb",
                "sha256:e62be11076538a0bd7edc520c687af1f7adf29d73388b0c6aea1b4ae2cab6166",
                "sha256:f090e5e8e161d303b79dab7f2cac1ef4dd34e1445a750ed4e24d2137ca0c2b76",
                "sha256:f696abf521e37ccacd5998cf9a237418e86c35dc09499d549697eeead919080e"
            ],
            "index": "pypi",
            "version": "==3.1.2"
        }
    }
}
